
Microsoft Visual Studio Solution File, Format Version 12.00
# Visual Studio Version 17
VisualStudioVersion = 17.11.35312.102
MinimumVisualStudioVersion = 10.0.40219.1
Project("{FAE04EC0-301F-11D3-BF4B-00C04F79EFBC}") = "Lab01_BookStoreOData8", "Lab01_BookStoreOData8.csproj", "{B6F59288-3CF5-4E88-8037-68C1453FE036}"
EndProject
Project("{FAE04EC0-301F-11D3-BF4B-00C04F79EFBC}") = "Lab01_BookStoreOData8WebClient", "..\Lab01_BookStoreOData8WebClient\Lab01_BookStoreOData8WebClient.csproj", "{6C9C0446-7F6B-4295-B058-C58D864E51EF}"
EndProject
Global
	GlobalSection(SolutionConfigurationPlatforms) = preSolution
		Debug|Any CPU = Debug|Any CPU
		Release|Any CPU = Release|Any CPU
	EndGlobalSection
	GlobalSection(ProjectConfigurationPlatforms) = postSolution
		{B6F59288-3CF5-4E88-8037-68C1453FE036}.Debug|Any CPU.ActiveCfg = Debug|Any CPU
		{B6F59288-3CF5-4E88-8037-68C1453FE036}.Debug|Any CPU.Build.0 = Debug|Any CPU
		{B6F59288-3CF5-4E88-8037-68C1453FE036}.Release|Any CPU.ActiveCfg = Release|Any CPU
		{B6F59288-3CF5-4E88-8037-68C1453FE036}.Release|Any CPU.Build.0 = Release|Any CPU
		{6C9C0446-7F6B-4295-B058-C58D864E51EF}.Debug|Any CPU.ActiveCfg = Debug|Any CPU
		{6C9C0446-7F6B-4295-B058-C58D864E51EF}.Debug|Any CPU.Build.0 = Debug|Any CPU
		{6C9C0446-7F6B-4295-B058-C58D864E51EF}.Release|Any CPU.ActiveCfg = Release|Any CPU
		{6C9C0446-7F6B-4295-B058-C58D864E51EF}.Release|Any CPU.Build.0 = Release|Any CPU
	EndGlobalSection
	GlobalSection(SolutionProperties) = preSolution
		HideSolutionNode = FALSE
	EndGlobalSection
	GlobalSection(ExtensibilityGlobals) = postSolution
		SolutionGuid = {14EE69A3-FE51-44F6-89AA-046834745374}
	EndGlobalSection
EndGlobal
